// !$*UTF8*$!
{
	archiveVersion = 1;
	classes = {
	};
	objectVersion = 50;
	objects = {

/* Begin PBXBuildFile section */
		4652ACC92185B9FF006A46CC /* AppDelegate.swift in Sources */ = {isa = PBXBuildFile; fileRef = 4652ACC82185B9FF006A46CC /* AppDelegate.swift */; };
		4652ACCB2185B9FF006A46CC /* FeedViewController.swift in Sources */ = {isa = PBXBuildFile; fileRef = 4652ACCA2185B9FF006A46CC /* FeedViewController.swift */; };
		4652ACCE2185B9FF006A46CC /* Main.storyboard in Resources */ = {isa = PBXBuildFile; fileRef = 4652ACCC2185B9FF006A46CC /* Main.storyboard */; };
		4652ACD02185BA02006A46CC /* Assets.xcassets in Resources */ = {isa = PBXBuildFile; fileRef = 4652ACCF2185BA02006A46CC /* Assets.xcassets */; };
		4652ACD32185BA02006A46CC /* LaunchScreen.storyboard in Resources */ = {isa = PBXBuildFile; fileRef = 4652ACD12185BA02006A46CC /* LaunchScreen.storyboard */; };
		4652ACDB2185BD60006A46CC /* jsonResponse.txt in Resources */ = {isa = PBXBuildFile; fileRef = 4652ACDA2185BD60006A46CC /* jsonResponse.txt */; };
		4652ACE12185C04F006A46CC /* Feed.swift in Sources */ = {isa = PBXBuildFile; fileRef = 4652ACE02185C04F006A46CC /* Feed.swift */; };
		4652ACE32185C49D006A46CC /* FeedResponse.swift in Sources */ = {isa = PBXBuildFile; fileRef = 4652ACE22185C49D006A46CC /* FeedResponse.swift */; };
/* End PBXBuildFile section */

/* Begin PBXFileReference section */
		4652ACC52185B9FF006A46CC /* Feeds.app */ = {isa = PBXFileReference; explicitFileType = wrapper.application; includeInIndex = 0; path = Feeds.app; sourceTree = BUILT_PRODUCTS_DIR; };
		4652ACC82185B9FF006A46CC /* AppDelegate.swift */ = {isa = PBXFileReference; lastKnownFileType = sourcecode.swift; path = AppDelegate.swift; sourceTree = "<group>"; };
		4652ACCA2185B9FF006A46CC /* FeedViewController.swift */ = {isa = PBXFileReference; lastKnownFileType = sourcecode.swift; path = FeedViewController.swift; sourceTree = "<group>"; };
		4652ACCD2185B9FF006A46CC /* Base */ = {isa = PBXFileReference; lastKnownFileType = file.storyboard; name = Base; path = Base.lproj/Main.storyboard; sourceTree = "<group>"; };
		4652ACCF2185BA02006A46CC /* Assets.xcassets */ = {isa = PBXFileReference; lastKnownFileType = folder.assetcatalog; path = Assets.xcassets; sourceTree = "<group>"; };
		4652ACD22185BA02006A46CC /* Base */ = {isa = PBXFileReference; lastKnownFileType = file.storyboard; name = Base; path = Base.lproj/LaunchScreen.storyboard; sourceTree = "<group>"; };
		4652ACD42185BA02006A46CC /* Info.plist */ = {isa = PBXFileReference; lastKnownFileType = text.plist.xml; path = Info.plist; sourceTree = "<group>"; };
		4652ACDA2185BD60006A46CC /* jsonResponse.txt */ = {isa = PBXFileReference; fileEncoding = 4; lastKnownFileType = text; path = jsonResponse.txt; sourceTree = "<group>"; };
		4652ACE02185C04F006A46CC /* Feed.swift */ = {isa = PBXFileReference; lastKnownFileType = sourcecode.swift; path = Feed.swift; sourceTree = "<group>"; };
		4652ACE22185C49D006A46CC /* FeedResponse.swift */ = {isa = PBXFileReference; lastKnownFileType = sourcecode.swift; path = FeedResponse.swift; sourceTree = "<group>"; };
/* End PBXFileReference section */

/* Begin PBXFrameworksBuildPhase section */
		4652ACC22185B9FF006A46CC /* Frameworks */ = {
			isa = PBXFrameworksBuildPhase;
			buildActionMask = 2147483647;
			files = (
			);
			runOnlyForDeploymentPostprocessing = 0;
		};
/* End PBXFrameworksBuildPhase section */

/* Begin PBXGroup section */
		4652ACBC2185B9FE006A46CC = {
			isa = PBXGroup;
			children = (
				4652ACC72185B9FF006A46CC /* Feeds */,
				4652ACC62185B9FF006A46CC /* Products */,
			);
			sourceTree = "<group>";
		};
		4652ACC62185B9FF006A46CC /* Products */ = {
			isa = PBXGroup;
			children = (
				4652ACC52185B9FF006A46CC /* Feeds.app */,
			);
			name = Products;
			sourceTree = "<group>";
		};
		4652ACC72185B9FF006A46CC /* Feeds */ = {
			isa = PBXGroup;
			children = (
				4652ACDF2185BFE1006A46CC /* Resources */,
				4652ACDE2185BFCF006A46CC /* ViewController */,
				4652ACDD2185BFAC006A46CC /* UserInterface */,
				4652ACDC2185BFA3006A46CC /* Model */,
				4652ACC82185B9FF006A46CC /* AppDelegate.swift */,
				4652ACD42185BA02006A46CC /* Info.plist */,
			);
			path = Feeds;
			sourceTree = "<group>";
		};
		4652ACDC2185BFA3006A46CC /* Model */ = {
			isa = PBXGroup;
			children = (
				4652ACE02185C04F006A46CC /* Feed.swift */,
				4652ACE22185C49D006A46CC /* FeedResponse.swift */,
			);
			path = Model;
			sourceTree = "<group>";
		};
		4652ACDD2185BFAC006A46CC /* UserInterface */ = {
			isa = PBXGroup;
			children = (
				4652ACD12185BA02006A46CC /* LaunchScreen.storyboard */,
				4652ACCC2185B9FF006A46CC /* Main.storyboard */,
			);
			path = UserInterface;
			sourceTree = "<group>";
		};
		4652ACDE2185BFCF006A46CC /* ViewController */ = {
			isa = PBXGroup;
			children = (
				4652ACCA2185B9FF006A46CC /* FeedViewController.swift */,
			);
			path = ViewController;
			sourceTree = "<group>";
		};
		4652ACDF2185BFE1006A46CC /* Resources */ = {
			isa = PBXGroup;
			children = (
				4652ACDA2185BD60006A46CC /* jsonResponse.txt */,
				4652ACCF2185BA02006A46CC /* Assets.xcassets */,
			);
			path = Resources;
			sourceTree = "<group>";
		};
/* End PBXGroup section */

/* Begin PBXNativeTarget section */
		4652ACC42185B9FF006A46CC /* Feeds */ = {
			isa = PBXNativeTarget;
			buildConfigurationList = 4652ACD72185BA02006A46CC /* Build configuration list for PBXNativeTarget "Feeds" */;
			buildPhases = (
				4652ACC12185B9FF006A46CC /* Sources */,
				4652ACC22185B9FF006A46CC /* Frameworks */,
				4652ACC32185B9FF006A46CC /* Resources */,
			);
			buildRules = (
			);
			dependencies = (
			);
			name = Feeds;
			productName = Feeds;
			productReference = 4652ACC52185B9FF006A46CC /* Feeds.app */;
			productType = "com.apple.product-type.application";
		};
/* End PBXNativeTarget section */

/* Begin PBXProject section */
		4652ACBD2185B9FE006A46CC /* Project object */ = {
			isa = PBXProject;
			attributes = {
				LastSwiftUpdateCheck = 1000;
				LastUpgradeCheck = 1000;
				ORGANIZATIONNAME = "Abhishek Singh";
				TargetAttributes = {
					4652ACC42185B9FF006A46CC = {
						CreatedOnToolsVersion = 10.0;
					};
				};
			};
			buildConfigurationList = 4652ACC02185B9FE006A46CC /* Build configuration list for PBXProject "Feeds" */;
			compatibilityVersion = "Xcode 9.3";
			developmentRegion = en;
			hasScannedForEncodings = 0;
			knownRegions = (
				en,
				Base,
			);
			mainGroup = 4652ACBC2185B9FE006A46CC;
			productRefGroup = 4652ACC62185B9FF006A46CC /* Products */;
			projectDirPath = "";
			projectRoot = "";
			targets = (
				4652ACC42185B9FF006A46CC /* Feeds */,
			);
		};
/* End PBXProject section */

/* Begin PBXResourcesBuildPhase section */
		4652ACC32185B9FF006A46CC /* Resources */ = {
			isa = PBXResourcesBuildPhase;
			buildActionMask = 2147483647;
			files = (
				4652ACD32185BA02006A46CC /* LaunchScreen.storyboard in Resources */,
				4652ACD02185BA02006A46CC /* Assets.xcassets in Resources */,
				4652ACCE2185B9FF006A46CC /* Main.storyboard in Resources */,
				4652ACDB2185BD60006A46CC /* jsonResponse.txt in Resources */,
			);
			runOnlyForDeploymentPostprocessing = 0;
		};
/* End PBXResourcesBuildPhase section */

/* Begin PBXSourcesBuildPhase section */
		4652ACC12185B9FF006A46CC /* Sources */ = {
			isa = PBXSourcesBuildPhase;
			buildActionMask = 2147483647;
			files = (
				4652ACE32185C49D006A46CC /* FeedResponse.swift in Sources */,
				4652ACCB2185B9FF006A46CC /* FeedViewController.swift in Sources */,
				4652ACE12185C04F006A46CC /* Feed.swift in Sources */,
				4652ACC92185B9FF006A46CC /* AppDelegate.swift in Sources */,
			);
			runOnlyForDeploymentPostprocessing = 0;
		};
/* End PBXSourcesBuildPhase section */

/* Begin PBXVariantGroup section */
		4652ACCC2185B9FF006A46CC /* Main.storyboard */ = {
			isa = PBXVariantGroup;
			children = (
				4652ACCD2185B9FF006A46CC /* Base */,
			);
			name = Main.storyboard;
			sourceTree = "<group>";
		};
		4652ACD12185BA02006A46CC /* LaunchScreen.storyboard */ = {
			isa = PBXVariantGroup;
			children = (
				4652ACD22185BA02006A46CC /* Base */,
			);
			name = LaunchScreen.storyboard;
			sourceTree = "<group>";
		};
/* End PBXVariantGroup section */

/* Begin XCBuildConfiguration section */
		4652ACD52185BA02006A46CC /* Debug */ = {
			isa = XCBuildConfiguration;
			buildSettings = {
				ALWAYS_SEARCH_USER_PATHS = NO;
				CLANG_ANALYZER_NONNULL = YES;
				CLANG_ANALYZER_NUMBER_OBJECT_CONVERSION = YES_AGGRESSIVE;
				CLANG_CXX_LANGUAGE_STANDARD = "gnu++14";
				CLANG_CXX_LIBRARY = "libc++";
				CLANG_ENABLE_MODULES = YES;
				CLANG_ENABLE_OBJC_ARC = YES;
				CLANG_ENABLE_OBJC_WEAK = YES;
				CLANG_WARN_BLOCK_CAPTURE_AUTORELEASING = YES;
				CLANG_WARN_BOOL_CONVERSION = YES;
				CLANG_WARN_COMMA = YES;
				CLANG_WARN_CONSTANT_CONVERSION = YES;
				CLANG_WARN_DEPRECATED_OBJC_IMPLEMENTATIONS = YES;
				CLANG_WARN_DIRECT_OBJC_ISA_USAGE = YES_ERROR;
				CLANG_WARN_DOCUMENTATION_COMMENTS = YES;
				CLANG_WARN_EMPTY_BODY = YES;
				CLANG_WARN_ENUM_CONVERSION = YES;
				CLANG_WARN_INFINITE_RECURSION = YES;
				CLANG_WARN_INT_CONVERSION = YES;
				CLANG_WARN_NON_LITERAL_NULL_CONVERSION = YES;
				CLANG_WARN_OBJC_IMPLICIT_RETAIN_SELF = YES;
				CLANG_WARN_OBJC_LITERAL_CONVERSION = YES;
				CLANG_WARN_OBJC_ROOT_CLASS = YES_ERROR;
				CLANG_WARN_RANGE_LOOP_ANALYSIS = YES;
				CLANG_WARN_STRICT_PROTOTYPES = YES;
				CLANG_WARN_SUSPICIOUS_MOVE = YES;
				CLANG_WARN_UNGUARDED_AVAILABILITY = YES_AGGRESSIVE;
				CLANG_WARN_UNREACHABLE_CODE = YES;
				CLANG_WARN__DUPLICATE_METHOD_MATCH = YES;
				CODE_SIGN_IDENTITY = "iPhone Developer";
				COPY_PHASE_STRIP = NO;
				DEBUG_INFORMATION_FORMAT = dwarf;
				ENABLE_STRICT_OBJC_MSGSEND = YES;
				ENABLE_TESTABILITY = YES;
				GCC_C_LANGUAGE_STANDARD = gnu11;
				GCC_DYNAMIC_NO_PIC = NO;
				GCC_NO_COMMON_BLOCKS = YES;
				GCC_OPTIMIZATION_LEVEL = 0;
				GCC_PREPROCESSOR_DEFINITIONS = (
					"DEBUG=1",
					"$(inherited)",
				);
				GCC_WARN_64_TO_32_BIT_CONVERSION = YES;
				GCC_WARN_ABOUT_RETURN_TYPE = YES_ERROR;
				GCC_WARN_UNDECLARED_SELECTOR = YES;
				GCC_WARN_UNINITIALIZED_AUTOS = YES_AGGRESSIVE;
				GCC_WARN_UNUSED_FUNCTION = YES;
				GCC_WARN_UNUSED_VARIABLE = YES;
				IPHONEOS_DEPLOYMENT_TARGET = 12.0;
				MTL_ENABLE_DEBUG_INFO = INCLUDE_SOURCE;
				MTL_FAST_MATH = YES;
				ONLY_ACTIVE_ARCH = YES;
				SDKROOT = iphoneos;
				SWIFT_ACTIVE_COMPILATION_CONDITIONS = DEBUG;
				SWIFT_OPTIMIZATION_LEVEL = "-Onone";
			};
			name = Debug;
		};
		4652ACD62185BA02006A46CC /* Release */ = {
			isa = XCBuildConfiguration;
			buildSettings = {
				ALWAYS_SEARCH_USER_PATHS = NO;
				CLANG_ANALYZER_NONNULL = YES;
				CLANG_ANALYZER_NUMBER_OBJECT_CONVERSION = YES_AGGRESSIVE;
				CLANG_CXX_LANGUAGE_STANDARD = "gnu++14";
				CLANG_CXX_LIBRARY = "libc++";
				CLANG_ENABLE_MODULES = YES;
				CLANG_ENABLE_OBJC_ARC = YES;
				CLANG_ENABLE_OBJC_WEAK = YES;
				CLANG_WARN_BLOCK_CAPTURE_AUTORELEASING = YES;
				CLANG_WARN_BOOL_CONVERSION = YES;
				CLANG_WARN_COMMA = YES;
				CLANG_WARN_CONSTANT_CONVERSION = YES;
				CLANG_WARN_DEPRECATED_OBJC_IMPLEMENTATIONS = YES;
				CLANG_WARN_DIRECT_OBJC_ISA_USAGE = YES_ERROR;
				CLANG_WARN_DOCUMENTATION_COMMENTS = YES;
				CLANG_WARN_EMPTY_BODY = YES;
				CLANG_WARN_ENUM_CONVERSION = YES;
				CLANG_WARN_INFINITE_RECURSION = YES;
				CLANG_WARN_INT_CONVERSION = YES;
				CLANG_WARN_NON_LITERAL_NULL_CONVERSION = YES;
				CLANG_WARN_OBJC_IMPLICIT_RETAIN_SELF = YES;
				CLANG_WARN_OBJC_LITERAL_CONVERSION = YES;
				CLANG_WARN_OBJC_ROOT_CLASS = YES_ERROR;
				CLANG_WARN_RANGE_LOOP_ANALYSIS = YES;
				CLANG_WARN_STRICT_PROTOTYPES = YES;
				CLANG_WARN_SUSPICIOUS_MOVE = YES;
				CLANG_WARN_UNGUARDED_AVAILABILITY = YES_AGGRESSIVE;
				CLANG_WARN_UNREACHABLE_CODE = YES;
				CLANG_WARN__DUPLICATE_METHOD_MATCH = YES;
				CODE_SIGN_IDENTITY = "iPhone Developer";
				COPY_PHASE_STRIP = NO;
				DEBUG_INFORMATION_FORMAT = "dwarf-with-dsym";
				ENABLE_NS_ASSERTIONS = NO;
				ENABLE_STRICT_OBJC_MSGSEND = YES;
				GCC_C_LANGUAGE_STANDARD = gnu11;
				GCC_NO_COMMON_BLOCKS = YES;
				GCC_WARN_64_TO_32_BIT_CONVERSION = YES;
				GCC_WARN_ABOUT_RETURN_TYPE = YES_ERROR;
				GCC_WARN_UNDECLARED_SELECTOR = YES;
				GCC_WARN_UNINITIALIZED_AUTOS = YES_AGGRESSIVE;
				GCC_WARN_UNUSED_FUNCTION = YES;
				GCC_WARN_UNUSED_VARIABLE = YES;
				IPHONEOS_DEPLOYMENT_TARGET = 12.0;
				MTL_ENABLE_DEBUG_INFO = NO;
				MTL_FAST_MATH = YES;
				SDKROOT = iphoneos;
				SWIFT_COMPILATION_MODE = wholemodule;
				SWIFT_OPTIMIZATION_LEVEL = "-O";
				VALIDATE_PRODUCT = YES;
			};
			name = Release;
		};
		4652ACD82185BA02006A46CC /* Debug */ = {
			isa = XCBuildConfiguration;
			buildSettings = {
				ASSETCATALOG_COMPILER_APPICON_NAME = AppIcon;
				CODE_SIGN_STYLE = Automatic;
				INFOPLIST_FILE = Feeds/Info.plist;
				LD_RUNPATH_SEARCH_PATHS = (
					"$(inherited)",
					"@executable_path/Frameworks",
				);
				PRODUCT_BUNDLE_IDENTIFIER = byo.Feeds;
				PRODUCT_NAME = "$(TARGET_NAME)";
				SWIFT_VERSION = 4.2;
				TARGETED_DEVICE_FAMILY = "1,2";
			};
			name = Debug;
		};
		4652ACD92185BA02006A46CC /* Release */ = {
			isa = XCBuildConfiguration;
			buildSettings = {
				ASSETCATALOG_COMPILER_APPICON_NAME = AppIcon;
				CODE_SIGN_STYLE = Automatic;
				INFOPLIST_FILE = Feeds/Info.plist;
				LD_RUNPATH_SEARCH_PATHS = (
					"$(inherited)",
					"@executable_path/Frameworks",
				);
				PRODUCT_BUNDLE_IDENTIFIER = byo.Feeds;
				PRODUCT_NAME = "$(TARGET_NAME)";
				SWIFT_VERSION = 4.2;
				TARGETED_DEVICE_FAMILY = "1,2";
			};
			name = Release;
		};
/* End XCBuildConfiguration section */

/* Begin XCConfigurationList section */
		4652ACC02185B9FE006A46CC /* Build configuration list for PBXProject "Feeds" */ = {
			isa = XCConfigurationList;
			buildConfigurations = (
				4652ACD52185BA02006A46CC /* Debug */,
				4652ACD62185BA02006A46CC /* Release */,
			);
			defaultConfigurationIsVisible = 0;
			defaultConfigurationName = Release;
		};
		4652ACD72185BA02006A46CC /* Build configuration list for PBXNativeTarget "Feeds" */ = {
			isa = XCConfigurationList;
			buildConfigurations = (
				4652ACD82185BA02006A46CC /* Debug */,
				4652ACD92185BA02006A46CC /* Release */,
			);
			defaultConfigurationIsVisible = 0;
			defaultConfigurationName = Release;
		};
/* End XCConfigurationList section */
	};
	rootObject = 4652ACBD2185B9FE006A46CC /* Project object */;
}
